
Microsoft Visual Studio Solution File, Format Version 12.00
# Visual Studio 15
VisualStudioVersion = 15.0.27130.2010
MinimumVisualStudioVersion = 10.0.40219.1
Project("{9A19103F-16F7-4668-BE54-9A1E7A4F7556}") = "Shared", "Shared\Shared.csproj", "{C35781DF-12C9-4E38-B46B-4F13C6E2E1B6}"
EndProject
Project("{9A19103F-16F7-4668-BE54-9A1E7A4F7556}") = "Shared.Test", "Shared.Test\Shared.Test.csproj", "{4E136E94-D252-44CA-9479-9B99A0965593}"
EndProject
Project("{FAE04EC0-301F-11D3-BF4B-00C04F79EFBC}") = "Shared.Interface", "Shared.Interface\Shared.Interface.csproj", "{A7D221F4-3C56-418B-9804-3F19FEA0AE76}"
EndProject
Project("{FAE04EC0-301F-11D3-BF4B-00C04F79EFBC}") = "Shared.Infrastructure", "Shared.Infrastructure\Shared.Infrastructure.csproj", "{DCCC8174-057A-47E5-95C8-0D3CD0345669}"
EndProject
Global
	GlobalSection(SolutionConfigurationPlatforms) = preSolution
		Debug|Any CPU = Debug|Any CPU
		Release|Any CPU = Release|Any CPU
	EndGlobalSection
	GlobalSection(ProjectConfigurationPlatforms) = postSolution
		{C35781DF-12C9-4E38-B46B-4F13C6E2E1B6}.Debug|Any CPU.ActiveCfg = Debug|Any CPU
		{C35781DF-12C9-4E38-B46B-4F13C6E2E1B6}.Debug|Any CPU.Build.0 = Debug|Any CPU
		{C35781DF-12C9-4E38-B46B-4F13C6E2E1B6}.Release|Any CPU.ActiveCfg = Release|Any CPU
		{C35781DF-12C9-4E38-B46B-4F13C6E2E1B6}.Release|Any CPU.Build.0 = Release|Any CPU
		{4E136E94-D252-44CA-9479-9B99A0965593}.Debug|Any CPU.ActiveCfg = Debug|Any CPU
		{4E136E94-D252-44CA-9479-9B99A0965593}.Debug|Any CPU.Build.0 = Debug|Any CPU
		{4E136E94-D252-44CA-9479-9B99A0965593}.Release|Any CPU.ActiveCfg = Release|Any CPU
		{4E136E94-D252-44CA-9479-9B99A0965593}.Release|Any CPU.Build.0 = Release|Any CPU
		{A7D221F4-3C56-418B-9804-3F19FEA0AE76}.Debug|Any CPU.ActiveCfg = Debug|Any CPU
		{A7D221F4-3C56-418B-9804-3F19FEA0AE76}.Debug|Any CPU.Build.0 = Debug|Any CPU
		{A7D221F4-3C56-418B-9804-3F19FEA0AE76}.Release|Any CPU.ActiveCfg = Release|Any CPU
		{A7D221F4-3C56-418B-9804-3F19FEA0AE76}.Release|Any CPU.Build.0 = Release|Any CPU
		{DCCC8174-057A-47E5-95C8-0D3CD0345669}.Debug|Any CPU.ActiveCfg = Debug|Any CPU
		{DCCC8174-057A-47E5-95C8-0D3CD0345669}.Debug|Any CPU.Build.0 = Debug|Any CPU
		{DCCC8174-057A-47E5-95C8-0D3CD0345669}.Release|Any CPU.ActiveCfg = Release|Any CPU
		{DCCC8174-057A-47E5-95C8-0D3CD0345669}.Release|Any CPU.Build.0 = Release|Any CPU
	EndGlobalSection
	GlobalSection(SolutionProperties) = preSolution
		HideSolutionNode = FALSE
	EndGlobalSection
	GlobalSection(ExtensibilityGlobals) = postSolution
		SolutionGuid = {64DE7784-B04E-4696-8DA8-911E811F2309}
	EndGlobalSection
EndGlobal
