
Microsoft Visual Studio Solution File, Format Version 12.00
# Visual Studio 15
VisualStudioVersion = 15.0.27703.2035
MinimumVisualStudioVersion = 10.0.40219.1
Project("{2150E333-8FDC-42A3-9474-1A3956D46DE8}") = "src", "src", "{83334C07-0DE5-4BD0-AB5A-516329496163}"
EndProject
Project("{2150E333-8FDC-42A3-9474-1A3956D46DE8}") = "share", "share", "{994A6DA1-B76D-44DA-9D16-B6DB864000C5}"
EndProject
Project("{9A19103F-16F7-4668-BE54-9A1E7A4F7556}") = "Data", "src\share\Data\Data.csproj", "{84265FBD-99E7-4A89-946A-0AD680D39EE5}"
EndProject
Project("{2150E333-8FDC-42A3-9474-1A3956D46DE8}") = "jarvis", "jarvis", "{5AC90EE6-79EE-475E-ADCC-4F5B441A5DB6}"
EndProject
Project("{9A19103F-16F7-4668-BE54-9A1E7A4F7556}") = "Console", "src\jarvis\Console\Console.csproj", "{99DEC046-0F08-4A52-B3D0-AA347F9934E3}"
EndProject
Project("{9A19103F-16F7-4668-BE54-9A1E7A4F7556}") = "Job", "src\jarvis\Job\Job.csproj", "{8C0B77D4-9271-49C0-8CD6-3B615CD1D368}"
EndProject
Project("{9A19103F-16F7-4668-BE54-9A1E7A4F7556}") = "Model", "src\share\Model\Model.csproj", "{1C17FF2F-4DCA-4444-A073-C9058D2BF19B}"
EndProject
Project("{9A19103F-16F7-4668-BE54-9A1E7A4F7556}") = "Admin", "src\admin\Admin.csproj", "{6F9ABD9B-C732-4A37-85C9-D671903574F6}"
EndProject
Project("{9A19103F-16F7-4668-BE54-9A1E7A4F7556}") = "Log", "src\share\Log\Log.csproj", "{73643CB4-8287-4F3E-BE36-73F4C8EB4937}"
EndProject
Project("{9A19103F-16F7-4668-BE54-9A1E7A4F7556}") = "Blog", "src\Blog\Blog.csproj", "{47BA6DEC-B40E-4DC1-9F56-03BCA4257C77}"
EndProject
Global
	GlobalSection(SolutionConfigurationPlatforms) = preSolution
		Debug|Any CPU = Debug|Any CPU
		Release|Any CPU = Release|Any CPU
	EndGlobalSection
	GlobalSection(ProjectConfigurationPlatforms) = postSolution
		{84265FBD-99E7-4A89-946A-0AD680D39EE5}.Debug|Any CPU.ActiveCfg = Debug|Any CPU
		{84265FBD-99E7-4A89-946A-0AD680D39EE5}.Debug|Any CPU.Build.0 = Debug|Any CPU
		{84265FBD-99E7-4A89-946A-0AD680D39EE5}.Release|Any CPU.ActiveCfg = Release|Any CPU
		{84265FBD-99E7-4A89-946A-0AD680D39EE5}.Release|Any CPU.Build.0 = Release|Any CPU
		{99DEC046-0F08-4A52-B3D0-AA347F9934E3}.Debug|Any CPU.ActiveCfg = Debug|Any CPU
		{99DEC046-0F08-4A52-B3D0-AA347F9934E3}.Debug|Any CPU.Build.0 = Debug|Any CPU
		{99DEC046-0F08-4A52-B3D0-AA347F9934E3}.Release|Any CPU.ActiveCfg = Release|Any CPU
		{99DEC046-0F08-4A52-B3D0-AA347F9934E3}.Release|Any CPU.Build.0 = Release|Any CPU
		{8C0B77D4-9271-49C0-8CD6-3B615CD1D368}.Debug|Any CPU.ActiveCfg = Debug|Any CPU
		{8C0B77D4-9271-49C0-8CD6-3B615CD1D368}.Debug|Any CPU.Build.0 = Debug|Any CPU
		{8C0B77D4-9271-49C0-8CD6-3B615CD1D368}.Release|Any CPU.ActiveCfg = Release|Any CPU
		{8C0B77D4-9271-49C0-8CD6-3B615CD1D368}.Release|Any CPU.Build.0 = Release|Any CPU
		{1C17FF2F-4DCA-4444-A073-C9058D2BF19B}.Debug|Any CPU.ActiveCfg = Debug|Any CPU
		{1C17FF2F-4DCA-4444-A073-C9058D2BF19B}.Debug|Any CPU.Build.0 = Debug|Any CPU
		{1C17FF2F-4DCA-4444-A073-C9058D2BF19B}.Release|Any CPU.ActiveCfg = Release|Any CPU
		{1C17FF2F-4DCA-4444-A073-C9058D2BF19B}.Release|Any CPU.Build.0 = Release|Any CPU
		{6F9ABD9B-C732-4A37-85C9-D671903574F6}.Debug|Any CPU.ActiveCfg = Debug|Any CPU
		{6F9ABD9B-C732-4A37-85C9-D671903574F6}.Debug|Any CPU.Build.0 = Debug|Any CPU
		{6F9ABD9B-C732-4A37-85C9-D671903574F6}.Release|Any CPU.ActiveCfg = Release|Any CPU
		{6F9ABD9B-C732-4A37-85C9-D671903574F6}.Release|Any CPU.Build.0 = Release|Any CPU
		{73643CB4-8287-4F3E-BE36-73F4C8EB4937}.Debug|Any CPU.ActiveCfg = Debug|Any CPU
		{73643CB4-8287-4F3E-BE36-73F4C8EB4937}.Debug|Any CPU.Build.0 = Debug|Any CPU
		{73643CB4-8287-4F3E-BE36-73F4C8EB4937}.Release|Any CPU.ActiveCfg = Release|Any CPU
		{73643CB4-8287-4F3E-BE36-73F4C8EB4937}.Release|Any CPU.Build.0 = Release|Any CPU
		{47BA6DEC-B40E-4DC1-9F56-03BCA4257C77}.Debug|Any CPU.ActiveCfg = Debug|Any CPU
		{47BA6DEC-B40E-4DC1-9F56-03BCA4257C77}.Debug|Any CPU.Build.0 = Debug|Any CPU
		{47BA6DEC-B40E-4DC1-9F56-03BCA4257C77}.Release|Any CPU.ActiveCfg = Release|Any CPU
		{47BA6DEC-B40E-4DC1-9F56-03BCA4257C77}.Release|Any CPU.Build.0 = Release|Any CPU
	EndGlobalSection
	GlobalSection(SolutionProperties) = preSolution
		HideSolutionNode = FALSE
	EndGlobalSection
	GlobalSection(NestedProjects) = preSolution
		{994A6DA1-B76D-44DA-9D16-B6DB864000C5} = {83334C07-0DE5-4BD0-AB5A-516329496163}
		{84265FBD-99E7-4A89-946A-0AD680D39EE5} = {994A6DA1-B76D-44DA-9D16-B6DB864000C5}
		{5AC90EE6-79EE-475E-ADCC-4F5B441A5DB6} = {83334C07-0DE5-4BD0-AB5A-516329496163}
		{99DEC046-0F08-4A52-B3D0-AA347F9934E3} = {5AC90EE6-79EE-475E-ADCC-4F5B441A5DB6}
		{8C0B77D4-9271-49C0-8CD6-3B615CD1D368} = {5AC90EE6-79EE-475E-ADCC-4F5B441A5DB6}
		{1C17FF2F-4DCA-4444-A073-C9058D2BF19B} = {994A6DA1-B76D-44DA-9D16-B6DB864000C5}
		{6F9ABD9B-C732-4A37-85C9-D671903574F6} = {83334C07-0DE5-4BD0-AB5A-516329496163}
		{73643CB4-8287-4F3E-BE36-73F4C8EB4937} = {994A6DA1-B76D-44DA-9D16-B6DB864000C5}
		{47BA6DEC-B40E-4DC1-9F56-03BCA4257C77} = {83334C07-0DE5-4BD0-AB5A-516329496163}
	EndGlobalSection
	GlobalSection(ExtensibilityGlobals) = postSolution
		SolutionGuid = {C02BC3B6-5F60-4A01-A96D-C9EB504D5AAD}
	EndGlobalSection
EndGlobal
